<?xml version="1.0" encoding="utf-8"?>
<Project ToolsVersion="4.0" xmlns="http://schemas.microsoft.com/developer/msbuild/2003">
  <ItemGroup>
    <Filter Include="Source Files">
      <UniqueIdentifier>{4FC737F1-C7A5-4376-A066-2A32D752A2FF}</UniqueIdentifier>
      <Extensions>qml;cpp;c;cc;cxx;def;odl;idl;hpj;bat;asm;asmx</Extensions>
    </Filter>
    <Filter Include="Header Files">
      <UniqueIdentifier>{93995380-89BD-4b04-88EB-625FBE52EBFB}</UniqueIdentifier>
      <Extensions>h;hh;hpp;hxx;hm;inl;inc;xsd</Extensions>
    </Filter>
    <Filter Include="Resource Files">
      <UniqueIdentifier>{67DA6AB6-F800-4c08-8B7A-83BB121AAD01}</UniqueIdentifier>
      <Extensions>qrc;rc;ico;cur;bmp;dlg;rc2;rct;bin;rgs;gif;jpg;jpeg;jpe;resx;tiff;tif;png;wav;mfcribbon-ms</Extensions>
    </Filter>
    <Filter Include="Form Files">
      <UniqueIdentifier>{99349809-55BA-4b9d-BF79-8FDBB0286EB3}</UniqueIdentifier>
      <Extensions>ui</Extensions>
    </Filter>
    <Filter Include="Translation Files">
      <UniqueIdentifier>{639EADAA-A684-42e4-A9AD-28FC9BCB8F7C}</UniqueIdentifier>
      <Extensions>ts</Extensions>
    </Filter>
  </ItemGroup>
  <ItemGroup>
    <QtRcc Include="Mastur.qrc">
      <Filter>Resource Files</Filter>
    </QtRcc>
    <QtUic Include="Mastur.ui">
      <Filter>Form Files</Filter>
    </QtUic>
    <QtMoc Include="Mastur.h">
      <Filter>Header Files</Filter>
    </QtMoc>
    <ClCompile Include="Mastur.cpp">
      <Filter>Source Files</Filter>
    </ClCompile>
  </ItemGroup>
  <ItemGroup>
    <ClCompile Include="main.cpp">
      <Filter>Source Files</Filter>
    </ClCompile>
    <ClCompile Include="libs\framelesswindow\framelesswindow.cpp">
      <Filter>Source Files</Filter>
    </ClCompile>
    <ClCompile Include="pages\view\TabView.cpp">
      <Filter>Source Files</Filter>
    </ClCompile>
  </ItemGroup>
  <ItemGroup>
    <QtMoc Include="libs\framelesswindow\framelesswindow.h">
      <Filter>Header Files</Filter>
    </QtMoc>
    <QtMoc Include="pages\view\TabView.h">
      <Filter>Header Files</Filter>
    </QtMoc>
  </ItemGroup>
  <ItemGroup>
    <ClInclude Include="assets\qss\darkstyle.h">
      <Filter>Header Files</Filter>
    </ClInclude>
    <ClInclude Include="assets\qss\lightstyle.h">
      <Filter>Header Files</Filter>
    </ClInclude>
    <ClInclude Include="assets\qss\common.h">
      <Filter>Header Files</Filter>
    </ClInclude>
  </ItemGroup>
  <ItemGroup>
    <None Include="assets\qss\darkstyle.qss" />
    <None Include="assets\qss\lightstyle.qss" />
    <None Include="assets\qss\style.qss" />
    <None Include=".gitignore" />
    <None Include="README.md" />
  </ItemGroup>
  <ItemGroup>
    <Image Include="assets\img\close.png">
      <Filter>Resource Files</Filter>
    </Image>
    <Image Include="assets\img\close_dark.png">
      <Filter>Resource Files</Filter>
    </Image>
    <Image Include="assets\img\max.png">
      <Filter>Resource Files</Filter>
    </Image>
    <Image Include="assets\img\max_dark.png">
      <Filter>Resource Files</Filter>
    </Image>
    <Image Include="assets\img\mini_dark.png">
      <Filter>Resource Files</Filter>
    </Image>
    <Image Include="assets\img\mini.png">
      <Filter>Resource Files</Filter>
    </Image>
    <Image Include="assets\img\setting.png">
      <Filter>Resource Files</Filter>
    </Image>
    <Image Include="assets\img\setting_dark.png">
      <Filter>Resource Files</Filter>
    </Image>
    <Image Include="assets\img\logo.png">
      <Filter>Resource Files</Filter>
    </Image>
    <Image Include="assets\img\logo_dark.png">
      <Filter>Resource Files</Filter>
    </Image>
  </ItemGroup>
  <ItemGroup>
    <QtUic Include="pages\view\TabView.ui">
      <Filter>Form Files</Filter>
    </QtUic>
  </ItemGroup>
</Project>